// !$*UTF8*$!
{
	archiveVersion = 1;
	classes = {
	};
	objectVersion = 56;
	objects = {

/* Begin PBXBuildFile section */
		4A0D45512A4F83940061A138 /* UIBlockingProgressHUD.swift in Sources */ = {isa = PBXBuildFile; fileRef = 4A0D45502A4F83940061A138 /* UIBlockingProgressHUD.swift */; };
		4A1EFAA92A0D33C7004CEF67 /* ProfileViewController.swift in Sources */ = {isa = PBXBuildFile; fileRef = 4A1EFAA82A0D33C7004CEF67 /* ProfileViewController.swift */; };
		4A860EF12A2E717800008F29 /* AuthViewController.swift in Sources */ = {isa = PBXBuildFile; fileRef = 4A860EF02A2E717800008F29 /* AuthViewController.swift */; };
		4A8CC5452A5074EF0050BFD4 /* ProfileService.swift in Sources */ = {isa = PBXBuildFile; fileRef = 4A8CC5442A5074EF0050BFD4 /* ProfileService.swift */; };
		4A8D7CD12A1A98CE00CCE558 /* UIColor+Extension.swift in Sources */ = {isa = PBXBuildFile; fileRef = 4A8D7CD02A1A98CE00CCE558 /* UIColor+Extension.swift */; };
		4A912F9B2A0462FF00CFBFF5 /* ImagesListCell.swift in Sources */ = {isa = PBXBuildFile; fileRef = 4A912F9A2A0462FF00CFBFF5 /* ImagesListCell.swift */; };
		4AB82D8D2A3CBF5B00F55289 /* OAuth2TokenStorage.swift in Sources */ = {isa = PBXBuildFile; fileRef = 4AB82D8C2A3CBF5B00F55289 /* OAuth2TokenStorage.swift */; };
		4ACDB7742A1136880013056E /* SingleImageViewController.swift in Sources */ = {isa = PBXBuildFile; fileRef = 4ACDB7732A1136880013056E /* SingleImageViewController.swift */; };
		4AD6BFEC2A2A1BA8004B80D9 /* Constants.swift in Sources */ = {isa = PBXBuildFile; fileRef = 4AD6BFEB2A2A1BA8004B80D9 /* Constants.swift */; };
		4AD7E9942A4C782B00CA3B74 /* ProgressHUD in Frameworks */ = {isa = PBXBuildFile; productRef = 4AD7E9932A4C782B00CA3B74 /* ProgressHUD */; };
		4AED104F2A2EA937005C607D /* WebViewViewController.swift in Sources */ = {isa = PBXBuildFile; fileRef = 4AED104E2A2EA937005C607D /* WebViewViewController.swift */; };
		4AF02CF62A3F3C7B00434CF4 /* SplashViewController.swift in Sources */ = {isa = PBXBuildFile; fileRef = 4AF02CF52A3F3C7B00434CF4 /* SplashViewController.swift */; };
		4AF1595329FE879F001032C0 /* AppDelegate.swift in Sources */ = {isa = PBXBuildFile; fileRef = 4AF1595229FE879F001032C0 /* AppDelegate.swift */; };
		4AF1595529FE879F001032C0 /* SceneDelegate.swift in Sources */ = {isa = PBXBuildFile; fileRef = 4AF1595429FE879F001032C0 /* SceneDelegate.swift */; };
		4AF1595729FE879F001032C0 /* ImagesListViewController.swift in Sources */ = {isa = PBXBuildFile; fileRef = 4AF1595629FE879F001032C0 /* ImagesListViewController.swift */; };
		4AF1595A29FE879F001032C0 /* Main.storyboard in Resources */ = {isa = PBXBuildFile; fileRef = 4AF1595829FE879F001032C0 /* Main.storyboard */; };
		4AF1595C29FE87A0001032C0 /* Assets.xcassets in Resources */ = {isa = PBXBuildFile; fileRef = 4AF1595B29FE87A0001032C0 /* Assets.xcassets */; };
		4AF1595F29FE87A0001032C0 /* LaunchScreen.storyboard in Resources */ = {isa = PBXBuildFile; fileRef = 4AF1595D29FE87A0001032C0 /* LaunchScreen.storyboard */; };
		4AFBFCB62A377C5500C027AA /* OAuth2Service.swift in Sources */ = {isa = PBXBuildFile; fileRef = 4AFBFCB52A377C5500C027AA /* OAuth2Service.swift */; };
/* End PBXBuildFile section */

/* Begin PBXFileReference section */
		4A0D45502A4F83940061A138 /* UIBlockingProgressHUD.swift */ = {isa = PBXFileReference; lastKnownFileType = sourcecode.swift; path = UIBlockingProgressHUD.swift; sourceTree = "<group>"; };
		4A1EFAA82A0D33C7004CEF67 /* ProfileViewController.swift */ = {isa = PBXFileReference; lastKnownFileType = sourcecode.swift; path = ProfileViewController.swift; sourceTree = "<group>"; };
		4A860EF02A2E717800008F29 /* AuthViewController.swift */ = {isa = PBXFileReference; lastKnownFileType = sourcecode.swift; path = AuthViewController.swift; sourceTree = "<group>"; };
		4A8CC5442A5074EF0050BFD4 /* ProfileService.swift */ = {isa = PBXFileReference; lastKnownFileType = sourcecode.swift; path = ProfileService.swift; sourceTree = "<group>"; };
		4A8D7CD02A1A98CE00CCE558 /* UIColor+Extension.swift */ = {isa = PBXFileReference; lastKnownFileType = sourcecode.swift; path = "UIColor+Extension.swift"; sourceTree = "<group>"; };
		4A912F9A2A0462FF00CFBFF5 /* ImagesListCell.swift */ = {isa = PBXFileReference; lastKnownFileType = sourcecode.swift; path = ImagesListCell.swift; sourceTree = "<group>"; };
		4AB82D8C2A3CBF5B00F55289 /* OAuth2TokenStorage.swift */ = {isa = PBXFileReference; lastKnownFileType = sourcecode.swift; path = OAuth2TokenStorage.swift; sourceTree = "<group>"; };
		4ACDB7732A1136880013056E /* SingleImageViewController.swift */ = {isa = PBXFileReference; lastKnownFileType = sourcecode.swift; path = SingleImageViewController.swift; sourceTree = "<group>"; };
		4AD6BFEB2A2A1BA8004B80D9 /* Constants.swift */ = {isa = PBXFileReference; lastKnownFileType = sourcecode.swift; path = Constants.swift; sourceTree = "<group>"; };
		4AED104E2A2EA937005C607D /* WebViewViewController.swift */ = {isa = PBXFileReference; lastKnownFileType = sourcecode.swift; path = WebViewViewController.swift; sourceTree = "<group>"; };
		4AF02CF52A3F3C7B00434CF4 /* SplashViewController.swift */ = {isa = PBXFileReference; lastKnownFileType = sourcecode.swift; path = SplashViewController.swift; sourceTree = "<group>"; };
		4AF1594F29FE879F001032C0 /* imageFeed.app */ = {isa = PBXFileReference; explicitFileType = wrapper.application; includeInIndex = 0; path = imageFeed.app; sourceTree = BUILT_PRODUCTS_DIR; };
		4AF1595229FE879F001032C0 /* AppDelegate.swift */ = {isa = PBXFileReference; lastKnownFileType = sourcecode.swift; path = AppDelegate.swift; sourceTree = "<group>"; };
		4AF1595429FE879F001032C0 /* SceneDelegate.swift */ = {isa = PBXFileReference; lastKnownFileType = sourcecode.swift; path = SceneDelegate.swift; sourceTree = "<group>"; };
		4AF1595629FE879F001032C0 /* ImagesListViewController.swift */ = {isa = PBXFileReference; lastKnownFileType = sourcecode.swift; path = ImagesListViewController.swift; sourceTree = "<group>"; };
		4AF1595929FE879F001032C0 /* Base */ = {isa = PBXFileReference; lastKnownFileType = file.storyboard; name = Base; path = Base.lproj/Main.storyboard; sourceTree = "<group>"; };
		4AF1595B29FE87A0001032C0 /* Assets.xcassets */ = {isa = PBXFileReference; lastKnownFileType = folder.assetcatalog; path = Assets.xcassets; sourceTree = "<group>"; };
		4AF1595E29FE87A0001032C0 /* Base */ = {isa = PBXFileReference; lastKnownFileType = file.storyboard; name = Base; path = Base.lproj/LaunchScreen.storyboard; sourceTree = "<group>"; };
		4AF1596029FE87A0001032C0 /* Info.plist */ = {isa = PBXFileReference; lastKnownFileType = text.plist.xml; path = Info.plist; sourceTree = "<group>"; };
		4AFBFCB52A377C5500C027AA /* OAuth2Service.swift */ = {isa = PBXFileReference; lastKnownFileType = sourcecode.swift; path = OAuth2Service.swift; sourceTree = "<group>"; };
/* End PBXFileReference section */

/* Begin PBXFrameworksBuildPhase section */
		4AF1594C29FE879F001032C0 /* Frameworks */ = {
			isa = PBXFrameworksBuildPhase;
			buildActionMask = 2147483647;
			files = (
				4AD7E9942A4C782B00CA3B74 /* ProgressHUD in Frameworks */,
			);
			runOnlyForDeploymentPostprocessing = 0;
		};
/* End PBXFrameworksBuildPhase section */

/* Begin PBXGroup section */
		4A1EFAA72A0D339E004CEF67 /* Profile */ = {
			isa = PBXGroup;
			children = (
				4A1EFAA82A0D33C7004CEF67 /* ProfileViewController.swift */,
				4A8CC5442A5074EF0050BFD4 /* ProfileService.swift */,
			);
			path = Profile;
			sourceTree = "<group>";
		};
		4A860EEF2A2E712700008F29 /* Auth */ = {
			isa = PBXGroup;
			children = (
				4A860EF02A2E717800008F29 /* AuthViewController.swift */,
				4AED104E2A2EA937005C607D /* WebViewViewController.swift */,
				4AFBFCB52A377C5500C027AA /* OAuth2Service.swift */,
				4AB82D8C2A3CBF5B00F55289 /* OAuth2TokenStorage.swift */,
			);
			path = Auth;
			sourceTree = "<group>";
		};
		4A8D7CD22A1A98D500CCE558 /* Helpers */ = {
			isa = PBXGroup;
			children = (
				4A8D7CD02A1A98CE00CCE558 /* UIColor+Extension.swift */,
			);
			path = Helpers;
			sourceTree = "<group>";
		};
		4A912F9C2A04630700CFBFF5 /* ImagesList */ = {
			isa = PBXGroup;
			children = (
				4AF1595629FE879F001032C0 /* ImagesListViewController.swift */,
				4A912F9A2A0462FF00CFBFF5 /* ImagesListCell.swift */,
			);
			path = ImagesList;
			sourceTree = "<group>";
		};
		4ACDB7752A113D370013056E /* SingleImage */ = {
			isa = PBXGroup;
			children = (
				4ACDB7732A1136880013056E /* SingleImageViewController.swift */,
			);
			path = SingleImage;
			sourceTree = "<group>";
		};
		4AF02CF42A3F3C5300434CF4 /* SpashViewController */ = {
			isa = PBXGroup;
			children = (
				4AF02CF52A3F3C7B00434CF4 /* SplashViewController.swift */,
				4A0D45502A4F83940061A138 /* UIBlockingProgressHUD.swift */,
			);
			path = SpashViewController;
			sourceTree = "<group>";
		};
		4AF1594629FE879F001032C0 = {
			isa = PBXGroup;
			children = (
				4AF1595129FE879F001032C0 /* imageFeed */,
				4AF1595029FE879F001032C0 /* Products */,
			);
			sourceTree = "<group>";
		};
		4AF1595029FE879F001032C0 /* Products */ = {
			isa = PBXGroup;
			children = (
				4AF1594F29FE879F001032C0 /* imageFeed.app */,
			);
			name = Products;
			sourceTree = "<group>";
		};
		4AF1595129FE879F001032C0 /* imageFeed */ = {
			isa = PBXGroup;
			children = (
				4AF02CF42A3F3C5300434CF4 /* SpashViewController */,
				4AF1595229FE879F001032C0 /* AppDelegate.swift */,
				4AF1595429FE879F001032C0 /* SceneDelegate.swift */,
				4AD6BFEB2A2A1BA8004B80D9 /* Constants.swift */,
				4A860EEF2A2E712700008F29 /* Auth */,
				4A1EFAA72A0D339E004CEF67 /* Profile */,
				4ACDB7752A113D370013056E /* SingleImage */,
				4AF1595829FE879F001032C0 /* Main.storyboard */,
				4AF1596029FE87A0001032C0 /* Info.plist */,
				4A912F9C2A04630700CFBFF5 /* ImagesList */,
				4A8D7CD22A1A98D500CCE558 /* Helpers */,
				4AF1596629FE8820001032C0 /* Resources */,
			);
			path = imageFeed;
			sourceTree = "<group>";
		};
		4AF1596629FE8820001032C0 /* Resources */ = {
			isa = PBXGroup;
			children = (
				4AF1595D29FE87A0001032C0 /* LaunchScreen.storyboard */,
				4AF1595B29FE87A0001032C0 /* Assets.xcassets */,
			);
			path = Resources;
			sourceTree = "<group>";
		};
/* End PBXGroup section */

/* Begin PBXNativeTarget section */
		4AF1594E29FE879F001032C0 /* imageFeed */ = {
			isa = PBXNativeTarget;
			buildConfigurationList = 4AF1596329FE87A0001032C0 /* Build configuration list for PBXNativeTarget "imageFeed" */;
			buildPhases = (
				4AF1594B29FE879F001032C0 /* Sources */,
				4AF1594C29FE879F001032C0 /* Frameworks */,
				4AF1594D29FE879F001032C0 /* Resources */,
			);
			buildRules = (
			);
			dependencies = (
			);
			name = imageFeed;
			packageProductDependencies = (
				4AD7E9932A4C782B00CA3B74 /* ProgressHUD */,
			);
			productName = imageFeed;
			productReference = 4AF1594F29FE879F001032C0 /* imageFeed.app */;
			productType = "com.apple.product-type.application";
		};
/* End PBXNativeTarget section */

/* Begin PBXProject section */
		4AF1594729FE879F001032C0 /* Project object */ = {
			isa = PBXProject;
			attributes = {
				BuildIndependentTargetsInParallel = 1;
				LastSwiftUpdateCheck = 1430;
				LastUpgradeCheck = 1430;
				TargetAttributes = {
					4AF1594E29FE879F001032C0 = {
						CreatedOnToolsVersion = 14.3;
					};
				};
			};
			buildConfigurationList = 4AF1594A29FE879F001032C0 /* Build configuration list for PBXProject "imageFeed" */;
			compatibilityVersion = "Xcode 14.0";
			developmentRegion = en;
			hasScannedForEncodings = 0;
			knownRegions = (
				en,
				Base,
			);
			mainGroup = 4AF1594629FE879F001032C0;
			packageReferences = (
				4AD7E9922A4C782B00CA3B74 /* XCRemoteSwiftPackageReference "ProgressHUD" */,
			);
			productRefGroup = 4AF1595029FE879F001032C0 /* Products */;
			projectDirPath = "";
			projectRoot = "";
			targets = (
				4AF1594E29FE879F001032C0 /* imageFeed */,
			);
		};
/* End PBXProject section */

/* Begin PBXResourcesBuildPhase section */
		4AF1594D29FE879F001032C0 /* Resources */ = {
			isa = PBXResourcesBuildPhase;
			buildActionMask = 2147483647;
			files = (
				4AF1595F29FE87A0001032C0 /* LaunchScreen.storyboard in Resources */,
				4AF1595C29FE87A0001032C0 /* Assets.xcassets in Resources */,
				4AF1595A29FE879F001032C0 /* Main.storyboard in Resources */,
			);
			runOnlyForDeploymentPostprocessing = 0;
		};
/* End PBXResourcesBuildPhase section */

/* Begin PBXSourcesBuildPhase section */
		4AF1594B29FE879F001032C0 /* Sources */ = {
			isa = PBXSourcesBuildPhase;
			buildActionMask = 2147483647;
			files = (
				4AED104F2A2EA937005C607D /* WebViewViewController.swift in Sources */,
				4A8D7CD12A1A98CE00CCE558 /* UIColor+Extension.swift in Sources */,
				4AF1595729FE879F001032C0 /* ImagesListViewController.swift in Sources */,
				4A912F9B2A0462FF00CFBFF5 /* ImagesListCell.swift in Sources */,
				4A1EFAA92A0D33C7004CEF67 /* ProfileViewController.swift in Sources */,
				4AF1595329FE879F001032C0 /* AppDelegate.swift in Sources */,
				4AFBFCB62A377C5500C027AA /* OAuth2Service.swift in Sources */,
				4ACDB7742A1136880013056E /* SingleImageViewController.swift in Sources */,
				4AF1595529FE879F001032C0 /* SceneDelegate.swift in Sources */,
				4A860EF12A2E717800008F29 /* AuthViewController.swift in Sources */,
				4AB82D8D2A3CBF5B00F55289 /* OAuth2TokenStorage.swift in Sources */,
				4AD6BFEC2A2A1BA8004B80D9 /* Constants.swift in Sources */,
				4AF02CF62A3F3C7B00434CF4 /* SplashViewController.swift in Sources */,
				4A0D45512A4F83940061A138 /* UIBlockingProgressHUD.swift in Sources */,
				4A8CC5452A5074EF0050BFD4 /* ProfileService.swift in Sources */,
			);
			runOnlyForDeploymentPostprocessing = 0;
		};
/* End PBXSourcesBuildPhase section */

/* Begin PBXVariantGroup section */
		4AF1595829FE879F001032C0 /* Main.storyboard */ = {
			isa = PBXVariantGroup;
			children = (
				4AF1595929FE879F001032C0 /* Base */,
			);
			name = Main.storyboard;
			sourceTree = "<group>";
		};
		4AF1595D29FE87A0001032C0 /* LaunchScreen.storyboard */ = {
			isa = PBXVariantGroup;
			children = (
				4AF1595E29FE87A0001032C0 /* Base */,
			);
			name = LaunchScreen.storyboard;
			sourceTree = "<group>";
		};
/* End PBXVariantGroup section */

/* Begin XCBuildConfiguration section */
		4AF1596129FE87A0001032C0 /* Debug */ = {
			isa = XCBuildConfiguration;
			buildSettings = {
				ALWAYS_SEARCH_USER_PATHS = NO;
				CLANG_ANALYZER_NONNULL = YES;
				CLANG_ANALYZER_NUMBER_OBJECT_CONVERSION = YES_AGGRESSIVE;
				CLANG_CXX_LANGUAGE_STANDARD = "gnu++20";
				CLANG_ENABLE_MODULES = YES;
				CLANG_ENABLE_OBJC_ARC = YES;
				CLANG_ENABLE_OBJC_WEAK = YES;
				CLANG_WARN_BLOCK_CAPTURE_AUTORELEASING = YES;
				CLANG_WARN_BOOL_CONVERSION = YES;
				CLANG_WARN_COMMA = YES;
				CLANG_WARN_CONSTANT_CONVERSION = YES;
				CLANG_WARN_DEPRECATED_OBJC_IMPLEMENTATIONS = YES;
				CLANG_WARN_DIRECT_OBJC_ISA_USAGE = YES_ERROR;
				CLANG_WARN_DOCUMENTATION_COMMENTS = YES;
				CLANG_WARN_EMPTY_BODY = YES;
				CLANG_WARN_ENUM_CONVERSION = YES;
				CLANG_WARN_INFINITE_RECURSION = YES;
				CLANG_WARN_INT_CONVERSION = YES;
				CLANG_WARN_NON_LITERAL_NULL_CONVERSION = YES;
				CLANG_WARN_OBJC_IMPLICIT_RETAIN_SELF = YES;
				CLANG_WARN_OBJC_LITERAL_CONVERSION = YES;
				CLANG_WARN_OBJC_ROOT_CLASS = YES_ERROR;
				CLANG_WARN_QUOTED_INCLUDE_IN_FRAMEWORK_HEADER = YES;
				CLANG_WARN_RANGE_LOOP_ANALYSIS = YES;
				CLANG_WARN_STRICT_PROTOTYPES = YES;
				CLANG_WARN_SUSPICIOUS_MOVE = YES;
				CLANG_WARN_UNGUARDED_AVAILABILITY = YES_AGGRESSIVE;
				CLANG_WARN_UNREACHABLE_CODE = YES;
				CLANG_WARN__DUPLICATE_METHOD_MATCH = YES;
				COPY_PHASE_STRIP = NO;
				DEBUG_INFORMATION_FORMAT = dwarf;
				ENABLE_STRICT_OBJC_MSGSEND = YES;
				ENABLE_TESTABILITY = YES;
				GCC_C_LANGUAGE_STANDARD = gnu11;
				GCC_DYNAMIC_NO_PIC = NO;
				GCC_NO_COMMON_BLOCKS = YES;
				GCC_OPTIMIZATION_LEVEL = 0;
				GCC_PREPROCESSOR_DEFINITIONS = (
					"DEBUG=1",
					"$(inherited)",
				);
				GCC_WARN_64_TO_32_BIT_CONVERSION = YES;
				GCC_WARN_ABOUT_RETURN_TYPE = YES_ERROR;
				GCC_WARN_UNDECLARED_SELECTOR = YES;
				GCC_WARN_UNINITIALIZED_AUTOS = YES_AGGRESSIVE;
				GCC_WARN_UNUSED_FUNCTION = YES;
				GCC_WARN_UNUSED_VARIABLE = YES;
				IPHONEOS_DEPLOYMENT_TARGET = 13.0;
				MTL_ENABLE_DEBUG_INFO = INCLUDE_SOURCE;
				MTL_FAST_MATH = YES;
				ONLY_ACTIVE_ARCH = YES;
				SDKROOT = iphoneos;
				SWIFT_ACTIVE_COMPILATION_CONDITIONS = DEBUG;
				SWIFT_OPTIMIZATION_LEVEL = "-Onone";
			};
			name = Debug;
		};
		4AF1596229FE87A0001032C0 /* Release */ = {
			isa = XCBuildConfiguration;
			buildSettings = {
				ALWAYS_SEARCH_USER_PATHS = NO;
				CLANG_ANALYZER_NONNULL = YES;
				CLANG_ANALYZER_NUMBER_OBJECT_CONVERSION = YES_AGGRESSIVE;
				CLANG_CXX_LANGUAGE_STANDARD = "gnu++20";
				CLANG_ENABLE_MODULES = YES;
				CLANG_ENABLE_OBJC_ARC = YES;
				CLANG_ENABLE_OBJC_WEAK = YES;
				CLANG_WARN_BLOCK_CAPTURE_AUTORELEASING = YES;
				CLANG_WARN_BOOL_CONVERSION = YES;
				CLANG_WARN_COMMA = YES;
				CLANG_WARN_CONSTANT_CONVERSION = YES;
				CLANG_WARN_DEPRECATED_OBJC_IMPLEMENTATIONS = YES;
				CLANG_WARN_DIRECT_OBJC_ISA_USAGE = YES_ERROR;
				CLANG_WARN_DOCUMENTATION_COMMENTS = YES;
				CLANG_WARN_EMPTY_BODY = YES;
				CLANG_WARN_ENUM_CONVERSION = YES;
				CLANG_WARN_INFINITE_RECURSION = YES;
				CLANG_WARN_INT_CONVERSION = YES;
				CLANG_WARN_NON_LITERAL_NULL_CONVERSION = YES;
				CLANG_WARN_OBJC_IMPLICIT_RETAIN_SELF = YES;
				CLANG_WARN_OBJC_LITERAL_CONVERSION = YES;
				CLANG_WARN_OBJC_ROOT_CLASS = YES_ERROR;
				CLANG_WARN_QUOTED_INCLUDE_IN_FRAMEWORK_HEADER = YES;
				CLANG_WARN_RANGE_LOOP_ANALYSIS = YES;
				CLANG_WARN_STRICT_PROTOTYPES = YES;
				CLANG_WARN_SUSPICIOUS_MOVE = YES;
				CLANG_WARN_UNGUARDED_AVAILABILITY = YES_AGGRESSIVE;
				CLANG_WARN_UNREACHABLE_CODE = YES;
				CLANG_WARN__DUPLICATE_METHOD_MATCH = YES;
				COPY_PHASE_STRIP = NO;
				DEBUG_INFORMATION_FORMAT = "dwarf-with-dsym";
				ENABLE_NS_ASSERTIONS = NO;
				ENABLE_STRICT_OBJC_MSGSEND = YES;
				GCC_C_LANGUAGE_STANDARD = gnu11;
				GCC_NO_COMMON_BLOCKS = YES;
				GCC_WARN_64_TO_32_BIT_CONVERSION = YES;
				GCC_WARN_ABOUT_RETURN_TYPE = YES_ERROR;
				GCC_WARN_UNDECLARED_SELECTOR = YES;
				GCC_WARN_UNINITIALIZED_AUTOS = YES_AGGRESSIVE;
				GCC_WARN_UNUSED_FUNCTION = YES;
				GCC_WARN_UNUSED_VARIABLE = YES;
				IPHONEOS_DEPLOYMENT_TARGET = 13.0;
				MTL_ENABLE_DEBUG_INFO = NO;
				MTL_FAST_MATH = YES;
				SDKROOT = iphoneos;
				SWIFT_COMPILATION_MODE = wholemodule;
				SWIFT_OPTIMIZATION_LEVEL = "-O";
				VALIDATE_PRODUCT = YES;
			};
			name = Release;
		};
		4AF1596429FE87A0001032C0 /* Debug */ = {
			isa = XCBuildConfiguration;
			buildSettings = {
				ASSETCATALOG_COMPILER_APPICON_NAME = AppIcon;
				ASSETCATALOG_COMPILER_GLOBAL_ACCENT_COLOR_NAME = AccentColor;
				CODE_SIGN_STYLE = Automatic;
				CURRENT_PROJECT_VERSION = 1;
				DEVELOPMENT_TEAM = 9E95VF8K24;
				GENERATE_INFOPLIST_FILE = YES;
				INFOPLIST_FILE = imageFeed/Info.plist;
				INFOPLIST_KEY_UIApplicationSupportsIndirectInputEvents = YES;
				INFOPLIST_KEY_UILaunchStoryboardName = LaunchScreen;
				INFOPLIST_KEY_UIMainStoryboardFile = Main;
				INFOPLIST_KEY_UIStatusBarStyle = "";
				INFOPLIST_KEY_UISupportedInterfaceOrientations = UIInterfaceOrientationPortrait;
				INFOPLIST_KEY_UISupportedInterfaceOrientations_iPad = "UIInterfaceOrientationLandscapeLeft UIInterfaceOrientationLandscapeRight UIInterfaceOrientationPortrait UIInterfaceOrientationPortraitUpsideDown";
				IPHONEOS_DEPLOYMENT_TARGET = 13.0;
				LD_RUNPATH_SEARCH_PATHS = (
					"$(inherited)",
					"@executable_path/Frameworks",
				);
				MARKETING_VERSION = 1.0;
				PRODUCT_BUNDLE_IDENTIFIER = com.Ruslan051015.imageFeed;
				PRODUCT_NAME = "$(TARGET_NAME)";
				SUPPORTED_PLATFORMS = "iphoneos iphonesimulator";
				SUPPORTS_MACCATALYST = NO;
				SUPPORTS_MAC_DESIGNED_FOR_IPHONE_IPAD = NO;
				SWIFT_EMIT_LOC_STRINGS = YES;
				SWIFT_VERSION = 5.0;
				TARGETED_DEVICE_FAMILY = 1;
			};
			name = Debug;
		};
		4AF1596529FE87A0001032C0 /* Release */ = {
			isa = XCBuildConfiguration;
			buildSettings = {
				ASSETCATALOG_COMPILER_APPICON_NAME = AppIcon;
				ASSETCATALOG_COMPILER_GLOBAL_ACCENT_COLOR_NAME = AccentColor;
				CODE_SIGN_STYLE = Automatic;
				CURRENT_PROJECT_VERSION = 1;
				DEVELOPMENT_TEAM = 9E95VF8K24;
				GENERATE_INFOPLIST_FILE = YES;
				INFOPLIST_FILE = imageFeed/Info.plist;
				INFOPLIST_KEY_UIApplicationSupportsIndirectInputEvents = YES;
				INFOPLIST_KEY_UILaunchStoryboardName = LaunchScreen;
				INFOPLIST_KEY_UIMainStoryboardFile = Main;
				INFOPLIST_KEY_UIStatusBarStyle = "";
				INFOPLIST_KEY_UISupportedInterfaceOrientations = UIInterfaceOrientationPortrait;
				INFOPLIST_KEY_UISupportedInterfaceOrientations_iPad = "UIInterfaceOrientationLandscapeLeft UIInterfaceOrientationLandscapeRight UIInterfaceOrientationPortrait UIInterfaceOrientationPortraitUpsideDown";
				IPHONEOS_DEPLOYMENT_TARGET = 13.0;
				LD_RUNPATH_SEARCH_PATHS = (
					"$(inherited)",
					"@executable_path/Frameworks",
				);
				MARKETING_VERSION = 1.0;
				PRODUCT_BUNDLE_IDENTIFIER = com.Ruslan051015.imageFeed;
				PRODUCT_NAME = "$(TARGET_NAME)";
				SUPPORTED_PLATFORMS = "iphoneos iphonesimulator";
				SUPPORTS_MACCATALYST = NO;
				SUPPORTS_MAC_DESIGNED_FOR_IPHONE_IPAD = NO;
				SWIFT_EMIT_LOC_STRINGS = YES;
				SWIFT_VERSION = 5.0;
				TARGETED_DEVICE_FAMILY = 1;
			};
			name = Release;
		};
/* End XCBuildConfiguration section */

/* Begin XCConfigurationList section */
		4AF1594A29FE879F001032C0 /* Build configuration list for PBXProject "imageFeed" */ = {
			isa = XCConfigurationList;
			buildConfigurations = (
				4AF1596129FE87A0001032C0 /* Debug */,
				4AF1596229FE87A0001032C0 /* Release */,
			);
			defaultConfigurationIsVisible = 0;
			defaultConfigurationName = Release;
		};
		4AF1596329FE87A0001032C0 /* Build configuration list for PBXNativeTarget "imageFeed" */ = {
			isa = XCConfigurationList;
			buildConfigurations = (
				4AF1596429FE87A0001032C0 /* Debug */,
				4AF1596529FE87A0001032C0 /* Release */,
			);
			defaultConfigurationIsVisible = 0;
			defaultConfigurationName = Release;
		};
/* End XCConfigurationList section */

/* Begin XCRemoteSwiftPackageReference section */
		4AD7E9922A4C782B00CA3B74 /* XCRemoteSwiftPackageReference "ProgressHUD" */ = {
			isa = XCRemoteSwiftPackageReference;
			repositoryURL = "https://github.com/relatedcode/ProgressHUD";
			requirement = {
				kind = exactVersion;
				version = 13.6.2;
			};
		};
/* End XCRemoteSwiftPackageReference section */

/* Begin XCSwiftPackageProductDependency section */
		4AD7E9932A4C782B00CA3B74 /* ProgressHUD */ = {
			isa = XCSwiftPackageProductDependency;
			package = 4AD7E9922A4C782B00CA3B74 /* XCRemoteSwiftPackageReference "ProgressHUD" */;
			productName = ProgressHUD;
		};
/* End XCSwiftPackageProductDependency section */
	};
	rootObject = 4AF1594729FE879F001032C0 /* Project object */;
}
